
Microsoft Visual Studio Solution File, Format Version 12.00
# Visual Studio Version 17
VisualStudioVersion = 17.14.36518.9
MinimumVisualStudioVersion = 10.0.40219.1
Project("{FAE04EC0-301F-11D3-BF4B-00C04F79EFBC}") = "Miksado", "Miksado.csproj", "{9188C240-B2AD-E8DB-2917-8E7F1F86120D}"
EndProject
Project("{FAE04EC0-301F-11D3-BF4B-00C04F79EFBC}") = "TwitchLib.Api", "..\TwitchLib.Api-master\TwitchLib.Api\TwitchLib.Api.csproj", "{9D1AFF10-16C1-2A2E-48A4-0308B6C3B820}"
EndProject
Project("{FAE04EC0-301F-11D3-BF4B-00C04F79EFBC}") = "TwitchLib.Api.Core", "..\TwitchLib.Api-master\TwitchLib.Api.Core\TwitchLib.Api.Core.csproj", "{F4AF651E-FEDC-FE27-61F3-3189A5100FD7}"
EndProject
Project("{FAE04EC0-301F-11D3-BF4B-00C04F79EFBC}") = "TwitchLib.Api.Core.Models", "..\TwitchLib.Api-master\TwitchLib.Api.Core.Models\TwitchLib.Api.Core.Models.csproj", "{FF4986A5-4BC2-076E-2C5F-89C25ECFB45F}"
EndProject
Project("{FAE04EC0-301F-11D3-BF4B-00C04F79EFBC}") = "TwitchLib.Api.Core.Enums", "..\TwitchLib.Api-master\TwitchLib.Api.Core.Enums\TwitchLib.Api.Core.Enums.csproj", "{6BD02B3F-9211-64BA-AC7D-F5520A467BF7}"
EndProject
Project("{FAE04EC0-301F-11D3-BF4B-00C04F79EFBC}") = "TwitchLib.Api.Core.Interfaces", "..\TwitchLib.Api-master\TwitchLib.Api.Core.Interfaces\TwitchLib.Api.Core.Interfaces.csproj", "{62BF3E91-504F-D771-F8FC-9756CA6A65B1}"
EndProject
Project("{FAE04EC0-301F-11D3-BF4B-00C04F79EFBC}") = "TwitchLib.Api.Helix", "..\TwitchLib.Api-master\TwitchLib.Api.Helix\TwitchLib.Api.Helix.csproj", "{7D5AC7CD-470D-8D85-4E1C-04CD77389887}"
EndProject
Project("{FAE04EC0-301F-11D3-BF4B-00C04F79EFBC}") = "TwitchLib.Api.Helix.Models", "..\TwitchLib.Api-master\TwitchLib.Api.Helix.Models\TwitchLib.Api.Helix.Models.csproj", "{1AABF187-E424-E332-8E7A-63625696FFCC}"
EndProject
Project("{FAE04EC0-301F-11D3-BF4B-00C04F79EFBC}") = "MiksadoInstaller", "..\MiksadoInstaller\MiksadoInstaller.csproj", "{C0CC46D9-7AFD-4563-85C0-A3E937A51603}"
EndProject
Global
	GlobalSection(SolutionConfigurationPlatforms) = preSolution
		Debug|Any CPU = Debug|Any CPU
		Release|Any CPU = Release|Any CPU
	EndGlobalSection
	GlobalSection(ProjectConfigurationPlatforms) = postSolution
		{9188C240-B2AD-E8DB-2917-8E7F1F86120D}.Debug|Any CPU.ActiveCfg = Debug|Any CPU
		{9188C240-B2AD-E8DB-2917-8E7F1F86120D}.Debug|Any CPU.Build.0 = Debug|Any CPU
		{9188C240-B2AD-E8DB-2917-8E7F1F86120D}.Release|Any CPU.ActiveCfg = Release|Any CPU
		{9188C240-B2AD-E8DB-2917-8E7F1F86120D}.Release|Any CPU.Build.0 = Release|Any CPU
		{9D1AFF10-16C1-2A2E-48A4-0308B6C3B820}.Debug|Any CPU.ActiveCfg = Debug|Any CPU
		{9D1AFF10-16C1-2A2E-48A4-0308B6C3B820}.Debug|Any CPU.Build.0 = Debug|Any CPU
		{9D1AFF10-16C1-2A2E-48A4-0308B6C3B820}.Release|Any CPU.ActiveCfg = Release|Any CPU
		{9D1AFF10-16C1-2A2E-48A4-0308B6C3B820}.Release|Any CPU.Build.0 = Release|Any CPU
		{F4AF651E-FEDC-FE27-61F3-3189A5100FD7}.Debug|Any CPU.ActiveCfg = Debug|Any CPU
		{F4AF651E-FEDC-FE27-61F3-3189A5100FD7}.Debug|Any CPU.Build.0 = Debug|Any CPU
		{F4AF651E-FEDC-FE27-61F3-3189A5100FD7}.Release|Any CPU.ActiveCfg = Release|Any CPU
		{F4AF651E-FEDC-FE27-61F3-3189A5100FD7}.Release|Any CPU.Build.0 = Release|Any CPU
		{FF4986A5-4BC2-076E-2C5F-89C25ECFB45F}.Debug|Any CPU.ActiveCfg = Debug|Any CPU
		{FF4986A5-4BC2-076E-2C5F-89C25ECFB45F}.Debug|Any CPU.Build.0 = Debug|Any CPU
		{FF4986A5-4BC2-076E-2C5F-89C25ECFB45F}.Release|Any CPU.ActiveCfg = Release|Any CPU
		{FF4986A5-4BC2-076E-2C5F-89C25ECFB45F}.Release|Any CPU.Build.0 = Release|Any CPU
		{6BD02B3F-9211-64BA-AC7D-F5520A467BF7}.Debug|Any CPU.ActiveCfg = Debug|Any CPU
		{6BD02B3F-9211-64BA-AC7D-F5520A467BF7}.Debug|Any CPU.Build.0 = Debug|Any CPU
		{6BD02B3F-9211-64BA-AC7D-F5520A467BF7}.Release|Any CPU.ActiveCfg = Release|Any CPU
		{6BD02B3F-9211-64BA-AC7D-F5520A467BF7}.Release|Any CPU.Build.0 = Release|Any CPU
		{62BF3E91-504F-D771-F8FC-9756CA6A65B1}.Debug|Any CPU.ActiveCfg = Debug|Any CPU
		{62BF3E91-504F-D771-F8FC-9756CA6A65B1}.Debug|Any CPU.Build.0 = Debug|Any CPU
		{62BF3E91-504F-D771-F8FC-9756CA6A65B1}.Release|Any CPU.ActiveCfg = Release|Any CPU
		{62BF3E91-504F-D771-F8FC-9756CA6A65B1}.Release|Any CPU.Build.0 = Release|Any CPU
		{7D5AC7CD-470D-8D85-4E1C-04CD77389887}.Debug|Any CPU.ActiveCfg = Debug|Any CPU
		{7D5AC7CD-470D-8D85-4E1C-04CD77389887}.Debug|Any CPU.Build.0 = Debug|Any CPU
		{7D5AC7CD-470D-8D85-4E1C-04CD77389887}.Release|Any CPU.ActiveCfg = Release|Any CPU
		{7D5AC7CD-470D-8D85-4E1C-04CD77389887}.Release|Any CPU.Build.0 = Release|Any CPU
		{1AABF187-E424-E332-8E7A-63625696FFCC}.Debug|Any CPU.ActiveCfg = Debug|Any CPU
		{1AABF187-E424-E332-8E7A-63625696FFCC}.Debug|Any CPU.Build.0 = Debug|Any CPU
		{1AABF187-E424-E332-8E7A-63625696FFCC}.Release|Any CPU.ActiveCfg = Release|Any CPU
		{1AABF187-E424-E332-8E7A-63625696FFCC}.Release|Any CPU.Build.0 = Release|Any CPU
		{C0CC46D9-7AFD-4563-85C0-A3E937A51603}.Debug|Any CPU.ActiveCfg = Debug|Any CPU
		{C0CC46D9-7AFD-4563-85C0-A3E937A51603}.Debug|Any CPU.Build.0 = Debug|Any CPU
		{C0CC46D9-7AFD-4563-85C0-A3E937A51603}.Release|Any CPU.ActiveCfg = Release|Any CPU
		{C0CC46D9-7AFD-4563-85C0-A3E937A51603}.Release|Any CPU.Build.0 = Release|Any CPU
	EndGlobalSection
	GlobalSection(SolutionProperties) = preSolution
		HideSolutionNode = FALSE
	EndGlobalSection
	GlobalSection(ExtensibilityGlobals) = postSolution
		SolutionGuid = {34DB82F5-570D-4EDE-97D4-B8AEF2BF747F}
	EndGlobalSection
EndGlobal
