
Microsoft Visual Studio Solution File, Format Version 12.00
# Visual Studio Version 17
VisualStudioVersion = 17.14.36518.9 d17.14
MinimumVisualStudioVersion = 10.0.40219.1
Project("{FAE04EC0-301F-11D3-BF4B-00C04F79EFBC}") = "Miksado", "Miksado.csproj", "{9188C240-B2AD-E8DB-2917-8E7F1F86120D}"
EndProject
Global
	GlobalSection(SolutionConfigurationPlatforms) = preSolution
		Debug|Any CPU = Debug|Any CPU
		Release|Any CPU = Release|Any CPU
	EndGlobalSection
	GlobalSection(ProjectConfigurationPlatforms) = postSolution
		{9188C240-B2AD-E8DB-2917-8E7F1F86120D}.Debug|Any CPU.ActiveCfg = Debug|Any CPU
		{9188C240-B2AD-E8DB-2917-8E7F1F86120D}.Debug|Any CPU.Build.0 = Debug|Any CPU
		{9188C240-B2AD-E8DB-2917-8E7F1F86120D}.Release|Any CPU.ActiveCfg = Release|Any CPU
		{9188C240-B2AD-E8DB-2917-8E7F1F86120D}.Release|Any CPU.Build.0 = Release|Any CPU
	EndGlobalSection
	GlobalSection(SolutionProperties) = preSolution
		HideSolutionNode = FALSE
	EndGlobalSection
	GlobalSection(ExtensibilityGlobals) = postSolution
		SolutionGuid = {34DB82F5-570D-4EDE-97D4-B8AEF2BF747F}
	EndGlobalSection
EndGlobal
